
Microsoft Visual Studio Solution File, Format Version 12.00
# Visual Studio Version 17
VisualStudioVersion = 17.14.36414.22 d17.14
MinimumVisualStudioVersion = 10.0.40219.1
Project("{FAE04EC0-301F-11D3-BF4B-00C04F79EFBC}") = "prjInventoryManagement", "prjInventoryManagement\prjInventoryManagement.csproj", "{4335D077-1F40-489F-B10A-C399CA48399F}"
EndProject
Global
	GlobalSection(SolutionConfigurationPlatforms) = preSolution
		Debug|Any CPU = Debug|Any CPU
		Release|Any CPU = Release|Any CPU
	EndGlobalSection
	GlobalSection(ProjectConfigurationPlatforms) = postSolution
		{4335D077-1F40-489F-B10A-C399CA48399F}.Debug|Any CPU.ActiveCfg = Debug|Any CPU
		{4335D077-1F40-489F-B10A-C399CA48399F}.Debug|Any CPU.Build.0 = Debug|Any CPU
		{4335D077-1F40-489F-B10A-C399CA48399F}.Release|Any CPU.ActiveCfg = Release|Any CPU
		{4335D077-1F40-489F-B10A-C399CA48399F}.Release|Any CPU.Build.0 = Release|Any CPU
	EndGlobalSection
	GlobalSection(SolutionProperties) = preSolution
		HideSolutionNode = FALSE
	EndGlobalSection
	GlobalSection(ExtensibilityGlobals) = postSolution
		SolutionGuid = {90DA6D1A-A2D2-42DB-A02C-F18EC8DC6D6C}
	EndGlobalSection
EndGlobal
